// !$*UTF8*$!
{
	archiveVersion = 1;
	classes = {
	};
	objectVersion = 46;
	objects = {

/* Begin PBXBuildFile section */
		6407772B1CEE4EEB0022008A /* cube.obj in Resources */ = {isa = PBXBuildFile; fileRef = 6407772A1CEE4EEB0022008A /* cube.obj */; };
		6407772D1CEE4EF00022008A /* default.mtl in Resources */ = {isa = PBXBuildFile; fileRef = 6407772C1CEE4EF00022008A /* default.mtl */; };
		640777341CEF5E3D0022008A /* dragon.mtl in Resources */ = {isa = PBXBuildFile; fileRef = 640777321CEF5E3D0022008A /* dragon.mtl */; };
		640777351CEF5E3D0022008A /* dragon.obj in Resources */ = {isa = PBXBuildFile; fileRef = 640777331CEF5E3D0022008A /* dragon.obj */; };
		642247A61CF5769200A35907 /* bunny.obj in Resources */ = {isa = PBXBuildFile; fileRef = 642247A51CF5769200A35907 /* bunny.obj */; };
		64292E031D034C6A00AEB722 /* Texture.swift in Sources */ = {isa = PBXBuildFile; fileRef = 64E9111F1CF7C211008D8BBC /* Texture.swift */; };
		64292E061D04624E00AEB722 /* TotalCompendium.pdf in Resources */ = {isa = PBXBuildFile; fileRef = 64292E051D04624E00AEB722 /* TotalCompendium.pdf */; };
		646752A71C2B76490084CBE3 /* Renderer.swift in Sources */ = {isa = PBXBuildFile; fileRef = 646752A61C2B76490084CBE3 /* Renderer.swift */; };
		646B42E71D026C8600BDC7F5 /* Transform.swift in Sources */ = {isa = PBXBuildFile; fileRef = 64E910D11CF59F2E008D8BBC /* Transform.swift */; };
		646B42EE1D026F4300BDC7F5 /* SceneLoader.swift in Sources */ = {isa = PBXBuildFile; fileRef = 646B42ED1D026F4300BDC7F5 /* SceneLoader.swift */; };
		647648DA1BF9737A00C4EAC0 /* AppDelegate.swift in Sources */ = {isa = PBXBuildFile; fileRef = 647648D91BF9737A00C4EAC0 /* AppDelegate.swift */; };
		647648DC1BF9737A00C4EAC0 /* ViewController.swift in Sources */ = {isa = PBXBuildFile; fileRef = 647648DB1BF9737A00C4EAC0 /* ViewController.swift */; };
		647648DE1BF9737A00C4EAC0 /* Assets.xcassets in Resources */ = {isa = PBXBuildFile; fileRef = 647648DD1BF9737A00C4EAC0 /* Assets.xcassets */; };
		647648E11BF9737A00C4EAC0 /* Main.storyboard in Resources */ = {isa = PBXBuildFile; fileRef = 647648DF1BF9737A00C4EAC0 /* Main.storyboard */; };
		647BBDB21BFE5E650017A888 /* SwiftTraceWindowTests.swift in Sources */ = {isa = PBXBuildFile; fileRef = 647BBDB11BFE5E650017A888 /* SwiftTraceWindowTests.swift */; };
		647BBDC01BFEDDB50017A888 /* Framebuffer.swift in Sources */ = {isa = PBXBuildFile; fileRef = 647BBDBF1BFEDDB50017A888 /* Framebuffer.swift */; };
		64BCBC011CFB73BE00D24401 /* appel_68.pdf in Resources */ = {isa = PBXBuildFile; fileRef = 64BCBC001CFB73BE00D24401 /* appel_68.pdf */; };
		64BCBC031CFB740200D24401 /* veach_98.pdf in Resources */ = {isa = PBXBuildFile; fileRef = 64BCBC021CFB740200D24401 /* veach_98.pdf */; };
		64BCBC071CFFBE7200D24401 /* goldsmith_salmon_87.pdf in Resources */ = {isa = PBXBuildFile; fileRef = 64BCBC061CFFBE7200D24401 /* goldsmith_salmon_87.pdf */; };
		64BCBC091CFFBFE800D24401 /* mcdonalds_booth_89.pdf in Resources */ = {isa = PBXBuildFile; fileRef = 64BCBC081CFFBFE800D24401 /* mcdonalds_booth_89.pdf */; };
		64BCBC0E1D009A8B00D24401 /* Core.swift in Sources */ = {isa = PBXBuildFile; fileRef = 64BCBC0D1D009A8B00D24401 /* Core.swift */; };
		64BCBC1B1D01E07200D24401 /* ObjectLoader.swift in Sources */ = {isa = PBXBuildFile; fileRef = 6407771B1CEE10E60022008A /* ObjectLoader.swift */; };
		64C5FCB81BFBC60C004F783E /* PathTracer.swift in Sources */ = {isa = PBXBuildFile; fileRef = 64C5FCB71BFBC60C004F783E /* PathTracer.swift */; };
		64DBD3761CEC24CD00727B71 /* earth.jpg in Resources */ = {isa = PBXBuildFile; fileRef = 64DBD3751CEC24CD00727B71 /* earth.jpg */; };
		64DBD3781CEC35DF00727B71 /* skydome.jpg in Resources */ = {isa = PBXBuildFile; fileRef = 64DBD3771CEC35DF00727B71 /* skydome.jpg */; };
		64E17F3E1D05C88700F46C7E /* CornellBox-Sphere.obj in Resources */ = {isa = PBXBuildFile; fileRef = 64E17F3D1D05C88700F46C7E /* CornellBox-Sphere.obj */; };
		64E17F421D05C8C300F46C7E /* CornellBox-Sphere.mtl in Resources */ = {isa = PBXBuildFile; fileRef = 64E17F411D05C8C300F46C7E /* CornellBox-Sphere.mtl */; };
		64E911141CF66517008D8BBC /* scene.json in Resources */ = {isa = PBXBuildFile; fileRef = 640777191CECEB390022008A /* scene.json */; };
		64E911161CF67464008D8BBC /* cornell.json in Resources */ = {isa = PBXBuildFile; fileRef = 64E911151CF67464008D8BBC /* cornell.json */; };
		64E9111A1CF75D42008D8BBC /* cornell_box_multimaterial.obj in Resources */ = {isa = PBXBuildFile; fileRef = 64E911191CF75D42008D8BBC /* cornell_box_multimaterial.obj */; };
		64E9111C1CF75E39008D8BBC /* cornell_box.mtl in Resources */ = {isa = PBXBuildFile; fileRef = 64E9111B1CF75E39008D8BBC /* cornell_box.mtl */; };
		64E9111E1CF75F69008D8BBC /* cornell_box.obj in Resources */ = {isa = PBXBuildFile; fileRef = 64E9111D1CF75F69008D8BBC /* cornell_box.obj */; };
		64E911281CF811FF008D8BBC /* teapot.obj in Resources */ = {isa = PBXBuildFile; fileRef = 64E911271CF811FF008D8BBC /* teapot.obj */; };
		64E9112A1CF8153F008D8BBC /* default.png in Resources */ = {isa = PBXBuildFile; fileRef = 64E911291CF8153F008D8BBC /* default.png */; };
/* End PBXBuildFile section */

/* Begin PBXContainerItemProxy section */
		647BBDB41BFE5E650017A888 /* PBXContainerItemProxy */ = {
			isa = PBXContainerItemProxy;
			containerPortal = 647648CE1BF9737A00C4EAC0 /* Project object */;
			proxyType = 1;
			remoteGlobalIDString = 647648D51BF9737A00C4EAC0;
			remoteInfo = SwiftTraceWindow;
		};
		64E911061CF65B6B008D8BBC /* PBXContainerItemProxy */ = {
			isa = PBXContainerItemProxy;
			containerPortal = 64E910FD1CF65B6B008D8BBC /* Decodable.xcodeproj */;
			proxyType = 2;
			remoteGlobalIDString = 8FE7B5621B4C9FB900837609;
			remoteInfo = "Decodable-iOS";
		};
		64E911081CF65B6B008D8BBC /* PBXContainerItemProxy */ = {
			isa = PBXContainerItemProxy;
			containerPortal = 64E910FD1CF65B6B008D8BBC /* Decodable.xcodeproj */;
			proxyType = 2;
			remoteGlobalIDString = 8FE7B56C1B4C9FB900837609;
			remoteInfo = "DecodableTests-iOS";
		};
		64E9110A1CF65B6B008D8BBC /* PBXContainerItemProxy */ = {
			isa = PBXContainerItemProxy;
			containerPortal = 64E910FD1CF65B6B008D8BBC /* Decodable.xcodeproj */;
			proxyType = 2;
			remoteGlobalIDString = 17FB80F71B530FED0012F106;
			remoteInfo = "Decodable-Mac";
		};
		64E9110C1CF65B6B008D8BBC /* PBXContainerItemProxy */ = {
			isa = PBXContainerItemProxy;
			containerPortal = 64E910FD1CF65B6B008D8BBC /* Decodable.xcodeproj */;
			proxyType = 2;
			remoteGlobalIDString = 17FB81001B530FED0012F106;
			remoteInfo = "DecodableTests-Mac";
		};
		64E9110E1CF65B6B008D8BBC /* PBXContainerItemProxy */ = {
			isa = PBXContainerItemProxy;
			containerPortal = 64E910FD1CF65B6B008D8BBC /* Decodable.xcodeproj */;
			proxyType = 2;
			remoteGlobalIDString = D0DC546F1B7814D200F79CB0;
			remoteInfo = "Decodable-watchOS";
		};
		64E911101CF65B6B008D8BBC /* PBXContainerItemProxy */ = {
			isa = PBXContainerItemProxy;
			containerPortal = 64E910FD1CF65B6B008D8BBC /* Decodable.xcodeproj */;
			proxyType = 2;
			remoteGlobalIDString = 57FCDE651BA283C900130C48;
			remoteInfo = "Decodable-tvOS";
		};
		64E911121CF65B9B008D8BBC /* PBXContainerItemProxy */ = {
			isa = PBXContainerItemProxy;
			containerPortal = 64E910FD1CF65B6B008D8BBC /* Decodable.xcodeproj */;
			proxyType = 1;
			remoteGlobalIDString = 17FB80F61B530FED0012F106;
			remoteInfo = "Decodable-Mac";
		};
/* End PBXContainerItemProxy section */

/* Begin PBXFileReference section */
		640777191CECEB390022008A /* scene.json */ = {isa = PBXFileReference; fileEncoding = 4; lastKnownFileType = text.json; path = scene.json; sourceTree = "<group>"; };
		6407771B1CEE10E60022008A /* ObjectLoader.swift */ = {isa = PBXFileReference; fileEncoding = 4; lastKnownFileType = sourcecode.swift; path = ObjectLoader.swift; sourceTree = "<group>"; };
		6407771D1CEE148D0022008A /* wavefront.txt */ = {isa = PBXFileReference; fileEncoding = 4; lastKnownFileType = text; name = wavefront.txt; path = ../wavefront.txt; sourceTree = "<group>"; };
		640777211CEE1E3B0022008A /* NSScanner+Swift.swift */ = {isa = PBXFileReference; fileEncoding = 4; lastKnownFileType = sourcecode.swift; path = "NSScanner+Swift.swift"; sourceTree = "<group>"; };
		6407772A1CEE4EEB0022008A /* cube.obj */ = {isa = PBXFileReference; fileEncoding = 4; lastKnownFileType = text; name = cube.obj; path = cube/cube.obj; sourceTree = "<group>"; };
		6407772C1CEE4EF00022008A /* default.mtl */ = {isa = PBXFileReference; fileEncoding = 4; lastKnownFileType = text; name = default.mtl; path = cube/default.mtl; sourceTree = "<group>"; };
		640777321CEF5E3D0022008A /* dragon.mtl */ = {isa = PBXFileReference; fileEncoding = 4; lastKnownFileType = text; path = dragon.mtl; sourceTree = "<group>"; };
		640777331CEF5E3D0022008A /* dragon.obj */ = {isa = PBXFileReference; fileEncoding = 4; lastKnownFileType = text; path = dragon.obj; sourceTree = "<group>"; };
		642247A51CF5769200A35907 /* bunny.obj */ = {isa = PBXFileReference; fileEncoding = 4; lastKnownFileType = text; path = bunny.obj; sourceTree = "<group>"; };
		6422711C1C0E2CD4007AD481 /* Random.swift */ = {isa = PBXFileReference; fileEncoding = 4; lastKnownFileType = sourcecode.swift; path = Random.swift; sourceTree = "<group>"; };
		64292E051D04624E00AEB722 /* TotalCompendium.pdf */ = {isa = PBXFileReference; lastKnownFileType = image.pdf; path = TotalCompendium.pdf; sourceTree = "<group>"; };
		646752A21C28BBDF0084CBE3 /* Scene.swift */ = {isa = PBXFileReference; fileEncoding = 4; lastKnownFileType = sourcecode.swift; path = Scene.swift; sourceTree = "<group>"; };
		646752A41C28BC980084CBE3 /* Camera.swift */ = {isa = PBXFileReference; fileEncoding = 4; lastKnownFileType = sourcecode.swift; path = Camera.swift; sourceTree = "<group>"; };
		646752A61C2B76490084CBE3 /* Renderer.swift */ = {isa = PBXFileReference; fileEncoding = 4; lastKnownFileType = sourcecode.swift; path = Renderer.swift; sourceTree = "<group>"; };
		646752A81C2B9B4A0084CBE3 /* Primitive_.swift */ = {isa = PBXFileReference; fileEncoding = 4; lastKnownFileType = sourcecode.swift; path = Primitive_.swift; sourceTree = "<group>"; };
		646B42ED1D026F4300BDC7F5 /* SceneLoader.swift */ = {isa = PBXFileReference; fileEncoding = 4; lastKnownFileType = sourcecode.swift; path = SceneLoader.swift; sourceTree = "<group>"; };
		647648D61BF9737A00C4EAC0 /* SwiftTraceWindow.app */ = {isa = PBXFileReference; explicitFileType = wrapper.application; includeInIndex = 0; path = SwiftTraceWindow.app; sourceTree = BUILT_PRODUCTS_DIR; };
		647648D91BF9737A00C4EAC0 /* AppDelegate.swift */ = {isa = PBXFileReference; lastKnownFileType = sourcecode.swift; path = AppDelegate.swift; sourceTree = "<group>"; };
		647648DB1BF9737A00C4EAC0 /* ViewController.swift */ = {isa = PBXFileReference; lastKnownFileType = sourcecode.swift; path = ViewController.swift; sourceTree = "<group>"; };
		647648DD1BF9737A00C4EAC0 /* Assets.xcassets */ = {isa = PBXFileReference; lastKnownFileType = folder.assetcatalog; path = Assets.xcassets; sourceTree = "<group>"; };
		647648E01BF9737A00C4EAC0 /* Base */ = {isa = PBXFileReference; lastKnownFileType = file.storyboard; name = Base; path = Base.lproj/Main.storyboard; sourceTree = "<group>"; };
		647648E21BF9737A00C4EAC0 /* Info.plist */ = {isa = PBXFileReference; lastKnownFileType = text.plist.xml; path = Info.plist; sourceTree = "<group>"; };
		647BBDA81BFE57A10017A888 /* Vector.swift */ = {isa = PBXFileReference; fileEncoding = 4; lastKnownFileType = sourcecode.swift; path = Vector.swift; sourceTree = "<group>"; };
		647BBDAF1BFE5E650017A888 /* SwiftTraceWindowTests.xctest */ = {isa = PBXFileReference; explicitFileType = wrapper.cfbundle; includeInIndex = 0; path = SwiftTraceWindowTests.xctest; sourceTree = BUILT_PRODUCTS_DIR; };
		647BBDB11BFE5E650017A888 /* SwiftTraceWindowTests.swift */ = {isa = PBXFileReference; lastKnownFileType = sourcecode.swift; path = SwiftTraceWindowTests.swift; sourceTree = "<group>"; };
		647BBDB31BFE5E650017A888 /* Info.plist */ = {isa = PBXFileReference; lastKnownFileType = text.plist.xml; path = Info.plist; sourceTree = "<group>"; };
		647BBDBC1BFEBB3B0017A888 /* Geometry.swift */ = {isa = PBXFileReference; fileEncoding = 4; lastKnownFileType = sourcecode.swift; path = Geometry.swift; sourceTree = "<group>"; };
		647BBDBF1BFEDDB50017A888 /* Framebuffer.swift */ = {isa = PBXFileReference; fileEncoding = 4; lastKnownFileType = sourcecode.swift; path = Framebuffer.swift; sourceTree = "<group>"; };
		647BBDC21BFEDECD0017A888 /* Material.swift */ = {isa = PBXFileReference; fileEncoding = 4; lastKnownFileType = sourcecode.swift; path = Material.swift; sourceTree = "<group>"; };
		64BCBBF11CF8E6A500D24401 /* DistributedTracer.swift */ = {isa = PBXFileReference; fileEncoding = 4; lastKnownFileType = sourcecode.swift; path = DistributedTracer.swift; sourceTree = "<group>"; };
		64BCBBF91CFA7F7C00D24401 /* Sampling.swift */ = {isa = PBXFileReference; fileEncoding = 4; lastKnownFileType = sourcecode.swift; path = Sampling.swift; sourceTree = "<group>"; };
		64BCBBFB1CFB72C500D24401 /* kajiya_84.pdf */ = {isa = PBXFileReference; lastKnownFileType = image.pdf; path = kajiya_84.pdf; sourceTree = "<group>"; };
		64BCBBFD1CFB730E00D24401 /* cook_86.pdf */ = {isa = PBXFileReference; lastKnownFileType = image.pdf; path = cook_86.pdf; sourceTree = "<group>"; };
		64BCBBFE1CFB733000D24401 /* cook_84.pdf */ = {isa = PBXFileReference; lastKnownFileType = image.pdf; path = cook_84.pdf; sourceTree = "<group>"; };
		64BCBBFF1CFB737C00D24401 /* whitted_79.pdf */ = {isa = PBXFileReference; lastKnownFileType = image.pdf; path = whitted_79.pdf; sourceTree = "<group>"; };
		64BCBC001CFB73BE00D24401 /* appel_68.pdf */ = {isa = PBXFileReference; lastKnownFileType = image.pdf; path = appel_68.pdf; sourceTree = "<group>"; };
		64BCBC021CFB740200D24401 /* veach_98.pdf */ = {isa = PBXFileReference; lastKnownFileType = image.pdf; path = veach_98.pdf; sourceTree = "<group>"; };
		64BCBC041CFD3F3300D24401 /* Shape.swift */ = {isa = PBXFileReference; fileEncoding = 4; lastKnownFileType = sourcecode.swift; path = Shape.swift; sourceTree = "<group>"; };
		64BCBC061CFFBE7200D24401 /* goldsmith_salmon_87.pdf */ = {isa = PBXFileReference; lastKnownFileType = image.pdf; path = goldsmith_salmon_87.pdf; sourceTree = "<group>"; };
		64BCBC081CFFBFE800D24401 /* mcdonalds_booth_89.pdf */ = {isa = PBXFileReference; lastKnownFileType = image.pdf; path = mcdonalds_booth_89.pdf; sourceTree = "<group>"; };
		64BCBC0D1D009A8B00D24401 /* Core.swift */ = {isa = PBXFileReference; fileEncoding = 4; lastKnownFileType = sourcecode.swift; path = Core.swift; sourceTree = "<group>"; };
		64C5FCB71BFBC60C004F783E /* PathTracer.swift */ = {isa = PBXFileReference; fileEncoding = 4; lastKnownFileType = sourcecode.swift; path = PathTracer.swift; sourceTree = "<group>"; };
		64DBD36B1CEB661900727B71 /* WhittedTracer.swift */ = {isa = PBXFileReference; fileEncoding = 4; lastKnownFileType = sourcecode.swift; path = WhittedTracer.swift; sourceTree = "<group>"; };
		64DBD3751CEC24CD00727B71 /* earth.jpg */ = {isa = PBXFileReference; lastKnownFileType = image.jpeg; path = earth.jpg; sourceTree = "<group>"; };
		64DBD3771CEC35DF00727B71 /* skydome.jpg */ = {isa = PBXFileReference; lastKnownFileType = image.jpeg; path = skydome.jpg; sourceTree = "<group>"; };
		64E17F3D1D05C88700F46C7E /* CornellBox-Sphere.obj */ = {isa = PBXFileReference; fileEncoding = 4; lastKnownFileType = text; path = "CornellBox-Sphere.obj"; sourceTree = "<group>"; };
		64E17F411D05C8C300F46C7E /* CornellBox-Sphere.mtl */ = {isa = PBXFileReference; fileEncoding = 4; lastKnownFileType = text; path = "CornellBox-Sphere.mtl"; sourceTree = "<group>"; };
		64E910C41CF59E1C008D8BBC /* Triangle.swift */ = {isa = PBXFileReference; fileEncoding = 4; lastKnownFileType = sourcecode.swift; path = Triangle.swift; sourceTree = "<group>"; };
		64E910C61CF59E44008D8BBC /* Sphere.swift */ = {isa = PBXFileReference; fileEncoding = 4; lastKnownFileType = sourcecode.swift; path = Sphere.swift; sourceTree = "<group>"; };
		64E910C91CF59E82008D8BBC /* PrimitiveList.swift */ = {isa = PBXFileReference; fileEncoding = 4; lastKnownFileType = sourcecode.swift; path = PrimitiveList.swift; sourceTree = "<group>"; };
		64E910CB1CF59EA1008D8BBC /* Primitive.swift */ = {isa = PBXFileReference; fileEncoding = 4; lastKnownFileType = sourcecode.swift; path = Primitive.swift; sourceTree = "<group>"; };
		64E910CD1CF59EC3008D8BBC /* BVHNode.swift */ = {isa = PBXFileReference; fileEncoding = 4; lastKnownFileType = sourcecode.swift; path = BVHNode.swift; sourceTree = "<group>"; };
		64E910CF1CF59EE5008D8BBC /* AABB.swift */ = {isa = PBXFileReference; fileEncoding = 4; lastKnownFileType = sourcecode.swift; path = AABB.swift; sourceTree = "<group>"; };
		64E910D11CF59F2E008D8BBC /* Transform.swift */ = {isa = PBXFileReference; fileEncoding = 4; lastKnownFileType = sourcecode.swift; path = Transform.swift; sourceTree = "<group>"; };
		64E910D31CF59F59008D8BBC /* Intersection.swift */ = {isa = PBXFileReference; fileEncoding = 4; lastKnownFileType = sourcecode.swift; path = Intersection.swift; sourceTree = "<group>"; };
		64E910D51CF5A003008D8BBC /* PixelRGBA.swift */ = {isa = PBXFileReference; fileEncoding = 4; lastKnownFileType = sourcecode.swift; path = PixelRGBA.swift; sourceTree = "<group>"; };
		64E910D81CF5A04B008D8BBC /* Ray.swift */ = {isa = PBXFileReference; fileEncoding = 4; lastKnownFileType = sourcecode.swift; path = Ray.swift; sourceTree = "<group>"; };
		64E910DA1CF5A06C008D8BBC /* Color.swift */ = {isa = PBXFileReference; fileEncoding = 4; lastKnownFileType = sourcecode.swift; path = Color.swift; sourceTree = "<group>"; };
		64E910DF1CF5F2C1008D8BBC /* Serializable.swift */ = {isa = PBXFileReference; fileEncoding = 4; lastKnownFileType = sourcecode.swift; path = Serializable.swift; sourceTree = "<group>"; };
		64E910FD1CF65B6B008D8BBC /* Decodable.xcodeproj */ = {isa = PBXFileReference; lastKnownFileType = "wrapper.pb-project"; name = Decodable.xcodeproj; path = ../Decodable/Decodable.xcodeproj; sourceTree = "<group>"; };
		64E911151CF67464008D8BBC /* cornell.json */ = {isa = PBXFileReference; fileEncoding = 4; lastKnownFileType = text.json; path = cornell.json; sourceTree = "<group>"; };
		64E911191CF75D42008D8BBC /* cornell_box_multimaterial.obj */ = {isa = PBXFileReference; fileEncoding = 4; lastKnownFileType = text; path = cornell_box_multimaterial.obj; sourceTree = "<group>"; };
		64E9111B1CF75E39008D8BBC /* cornell_box.mtl */ = {isa = PBXFileReference; fileEncoding = 4; lastKnownFileType = text; path = cornell_box.mtl; sourceTree = "<group>"; };
		64E9111D1CF75F69008D8BBC /* cornell_box.obj */ = {isa = PBXFileReference; fileEncoding = 4; lastKnownFileType = text; path = cornell_box.obj; sourceTree = "<group>"; };
		64E9111F1CF7C211008D8BBC /* Texture.swift */ = {isa = PBXFileReference; fileEncoding = 4; lastKnownFileType = sourcecode.swift; path = Texture.swift; sourceTree = "<group>"; };
		64E911211CF7C3DD008D8BBC /* MaterialLoader.swift */ = {isa = PBXFileReference; fileEncoding = 4; lastKnownFileType = sourcecode.swift; path = MaterialLoader.swift; sourceTree = "<group>"; };
		64E911231CF7CA96008D8BBC /* material.txt */ = {isa = PBXFileReference; fileEncoding = 4; lastKnownFileType = text; path = material.txt; sourceTree = "<group>"; };
		64E911271CF811FF008D8BBC /* teapot.obj */ = {isa = PBXFileReference; fileEncoding = 4; lastKnownFileType = text; path = teapot.obj; sourceTree = "<group>"; };
		64E911291CF8153F008D8BBC /* default.png */ = {isa = PBXFileReference; lastKnownFileType = image.png; name = default.png; path = cube/default.png; sourceTree = "<group>"; };
/* End PBXFileReference section */

/* Begin PBXFrameworksBuildPhase section */
		647648D31BF9737A00C4EAC0 /* Frameworks */ = {
			isa = PBXFrameworksBuildPhase;
			buildActionMask = 2147483647;
			files = (
			);
			runOnlyForDeploymentPostprocessing = 0;
		};
		647BBDAC1BFE5E650017A888 /* Frameworks */ = {
			isa = PBXFrameworksBuildPhase;
			buildActionMask = 2147483647;
			files = (
			);
			runOnlyForDeploymentPostprocessing = 0;
		};
/* End PBXFrameworksBuildPhase section */

/* Begin PBXGroup section */
		64292E041D04623F00AEB722 /* GI */ = {
			isa = PBXGroup;
			children = (
				64292E051D04624E00AEB722 /* TotalCompendium.pdf */,
			);
			name = GI;
			sourceTree = "<group>";
		};
		647648CD1BF9737A00C4EAC0 = {
			isa = PBXGroup;
			children = (
				64E910FD1CF65B6B008D8BBC /* Decodable.xcodeproj */,
				647648D81BF9737A00C4EAC0 /* SwiftTraceWindow */,
				647BBDB01BFE5E650017A888 /* SwiftTraceWindowTests */,
				647648D71BF9737A00C4EAC0 /* Products */,
			);
			sourceTree = "<group>";
		};
		647648D71BF9737A00C4EAC0 /* Products */ = {
			isa = PBXGroup;
			children = (
				647648D61BF9737A00C4EAC0 /* SwiftTraceWindow.app */,
				647BBDAF1BFE5E650017A888 /* SwiftTraceWindowTests.xctest */,
			);
			name = Products;
			sourceTree = "<group>";
		};
		647648D81BF9737A00C4EAC0 /* SwiftTraceWindow */ = {
			isa = PBXGroup;
			children = (
				647648D91BF9737A00C4EAC0 /* AppDelegate.swift */,
				647648DB1BF9737A00C4EAC0 /* ViewController.swift */,
				64BCBC1D1D02372100D24401 /* Core */,
				64E910DC1CF5A155008D8BBC /* Render */,
				64E910D71CF5A01E008D8BBC /* Math */,
				64E910C81CF59E5C008D8BBC /* Geometry */,
				64E910DD1CF5A16A008D8BBC /* Loader */,
				64BCBBFC1CFB72D300D24401 /* Docs */,
				64E910DE1CF5A18D008D8BBC /* Models */,
				647648DD1BF9737A00C4EAC0 /* Assets.xcassets */,
				647648DF1BF9737A00C4EAC0 /* Main.storyboard */,
				647648E21BF9737A00C4EAC0 /* Info.plist */,
			);
			path = SwiftTraceWindow;
			sourceTree = "<group>";
		};
		647BBDB01BFE5E650017A888 /* SwiftTraceWindowTests */ = {
			isa = PBXGroup;
			children = (
				647BBDB11BFE5E650017A888 /* SwiftTraceWindowTests.swift */,
				647BBDB31BFE5E650017A888 /* Info.plist */,
			);
			path = SwiftTraceWindowTests;
			sourceTree = "<group>";
		};
		64BCBBFC1CFB72D300D24401 /* Docs */ = {
			isa = PBXGroup;
			children = (
				64292E041D04623F00AEB722 /* GI */,
				64BCBC0A1CFFBFF900D24401 /* BVH */,
				64BCBC0B1CFFC00A00D24401 /* Render */,
				64BCBC0C1CFFC01600D24401 /* Format */,
			);
			name = Docs;
			sourceTree = "<group>";
		};
		64BCBC0A1CFFBFF900D24401 /* BVH */ = {
			isa = PBXGroup;
			children = (
				64BCBC061CFFBE7200D24401 /* goldsmith_salmon_87.pdf */,
				64BCBC081CFFBFE800D24401 /* mcdonalds_booth_89.pdf */,
			);
			name = BVH;
			sourceTree = "<group>";
		};
		64BCBC0B1CFFC00A00D24401 /* Render */ = {
			isa = PBXGroup;
			children = (
				64BCBC001CFB73BE00D24401 /* appel_68.pdf */,
				64BCBBFF1CFB737C00D24401 /* whitted_79.pdf */,
				64BCBBFE1CFB733000D24401 /* cook_84.pdf */,
				64BCBBFB1CFB72C500D24401 /* kajiya_84.pdf */,
				64BCBBFD1CFB730E00D24401 /* cook_86.pdf */,
				64BCBC021CFB740200D24401 /* veach_98.pdf */,
			);
			name = Render;
			sourceTree = "<group>";
		};
		64BCBC0C1CFFC01600D24401 /* Format */ = {
			isa = PBXGroup;
			children = (
				6407771D1CEE148D0022008A /* wavefront.txt */,
				64E911231CF7CA96008D8BBC /* material.txt */,
			);
			name = Format;
			sourceTree = "<group>";
		};
		64BCBC1D1D02372100D24401 /* Core */ = {
			isa = PBXGroup;
			children = (
				647BBDBF1BFEDDB50017A888 /* Framebuffer.swift */,
				646752A61C2B76490084CBE3 /* Renderer.swift */,
				64C5FCB71BFBC60C004F783E /* PathTracer.swift */,
				6407771B1CEE10E60022008A /* ObjectLoader.swift */,
				64BCBC0D1D009A8B00D24401 /* Core.swift */,
				64E910D11CF59F2E008D8BBC /* Transform.swift */,
				646B42ED1D026F4300BDC7F5 /* SceneLoader.swift */,
				64E9111F1CF7C211008D8BBC /* Texture.swift */,
			);
			name = Core;
			sourceTree = "<group>";
		};
		64E910C81CF59E5C008D8BBC /* Geometry */ = {
			isa = PBXGroup;
			children = (
				647BBDBC1BFEBB3B0017A888 /* Geometry.swift */,
				64E910CB1CF59EA1008D8BBC /* Primitive.swift */,
				64E910CF1CF59EE5008D8BBC /* AABB.swift */,
				64E910D31CF59F59008D8BBC /* Intersection.swift */,
				64E910C61CF59E44008D8BBC /* Sphere.swift */,
				64E910C41CF59E1C008D8BBC /* Triangle.swift */,
				64E910C91CF59E82008D8BBC /* PrimitiveList.swift */,
				64E910CD1CF59EC3008D8BBC /* BVHNode.swift */,
				646752A81C2B9B4A0084CBE3 /* Primitive_.swift */,
				64BCBC041CFD3F3300D24401 /* Shape.swift */,
			);
			name = Geometry;
			sourceTree = "<group>";
		};
		64E910D71CF5A01E008D8BBC /* Math */ = {
			isa = PBXGroup;
			children = (
				64E910DF1CF5F2C1008D8BBC /* Serializable.swift */,
				64E910D51CF5A003008D8BBC /* PixelRGBA.swift */,
				647BBDA81BFE57A10017A888 /* Vector.swift */,
				64E910D81CF5A04B008D8BBC /* Ray.swift */,
				64E910DA1CF5A06C008D8BBC /* Color.swift */,
				6422711C1C0E2CD4007AD481 /* Random.swift */,
				64BCBBF91CFA7F7C00D24401 /* Sampling.swift */,
			);
			name = Math;
			sourceTree = "<group>";
		};
		64E910DC1CF5A155008D8BBC /* Render */ = {
			isa = PBXGroup;
			children = (
				64BCBBF11CF8E6A500D24401 /* DistributedTracer.swift */,
				64DBD36B1CEB661900727B71 /* WhittedTracer.swift */,
				646752A21C28BBDF0084CBE3 /* Scene.swift */,
				646752A41C28BC980084CBE3 /* Camera.swift */,
				647BBDC21BFEDECD0017A888 /* Material.swift */,
			);
			name = Render;
			sourceTree = "<group>";
		};
		64E910DD1CF5A16A008D8BBC /* Loader */ = {
			isa = PBXGroup;
			children = (
				64E911211CF7C3DD008D8BBC /* MaterialLoader.swift */,
				640777211CEE1E3B0022008A /* NSScanner+Swift.swift */,
			);
			name = Loader;
			sourceTree = "<group>";
		};
		64E910DE1CF5A18D008D8BBC /* Models */ = {
			isa = PBXGroup;
			children = (
				64DBD3771CEC35DF00727B71 /* skydome.jpg */,
				64E911291CF8153F008D8BBC /* default.png */,
				6407772C1CEE4EF00022008A /* default.mtl */,
				6407772A1CEE4EEB0022008A /* cube.obj */,
				640777321CEF5E3D0022008A /* dragon.mtl */,
				640777331CEF5E3D0022008A /* dragon.obj */,
				64DBD3751CEC24CD00727B71 /* earth.jpg */,
				640777191CECEB390022008A /* scene.json */,
				64E911151CF67464008D8BBC /* cornell.json */,
				642247A51CF5769200A35907 /* bunny.obj */,
				64E911191CF75D42008D8BBC /* cornell_box_multimaterial.obj */,
				64E9111B1CF75E39008D8BBC /* cornell_box.mtl */,
				64E9111D1CF75F69008D8BBC /* cornell_box.obj */,
				64E17F3D1D05C88700F46C7E /* CornellBox-Sphere.obj */,
				64E17F411D05C8C300F46C7E /* CornellBox-Sphere.mtl */,
				64E911271CF811FF008D8BBC /* teapot.obj */,
			);
			name = Models;
			sourceTree = "<group>";
		};
		64E910FE1CF65B6B008D8BBC /* Products */ = {
			isa = PBXGroup;
			children = (
				64E911071CF65B6B008D8BBC /* Decodable.framework */,
				64E911091CF65B6B008D8BBC /* DecodableTests-iOS.xctest */,
				64E9110B1CF65B6B008D8BBC /* Decodable.framework */,
				64E9110D1CF65B6B008D8BBC /* DecodableTests-Mac.xctest */,
				64E9110F1CF65B6B008D8BBC /* Decodable.framework */,
				64E911111CF65B6B008D8BBC /* Decodable.framework */,
			);
			name = Products;
			sourceTree = "<group>";
		};
/* End PBXGroup section */

/* Begin PBXNativeTarget section */
		647648D51BF9737A00C4EAC0 /* SwiftTraceWindow */ = {
			isa = PBXNativeTarget;
			buildConfigurationList = 647648E51BF9737A00C4EAC0 /* Build configuration list for PBXNativeTarget "SwiftTraceWindow" */;
			buildPhases = (
				647648D21BF9737A00C4EAC0 /* Sources */,
				647648D31BF9737A00C4EAC0 /* Frameworks */,
				647648D41BF9737A00C4EAC0 /* Resources */,
			);
			buildRules = (
			);
			dependencies = (
				64E911131CF65B9B008D8BBC /* PBXTargetDependency */,
			);
			name = SwiftTraceWindow;
			productName = SwiftTraceWindow;
			productReference = 647648D61BF9737A00C4EAC0 /* SwiftTraceWindow.app */;
			productType = "com.apple.product-type.application";
		};
		647BBDAE1BFE5E650017A888 /* SwiftTraceWindowTests */ = {
			isa = PBXNativeTarget;
			buildConfigurationList = 647BBDB61BFE5E650017A888 /* Build configuration list for PBXNativeTarget "SwiftTraceWindowTests" */;
			buildPhases = (
				647BBDAB1BFE5E650017A888 /* Sources */,
				647BBDAC1BFE5E650017A888 /* Frameworks */,
				647BBDAD1BFE5E650017A888 /* Resources */,
			);
			buildRules = (
			);
			dependencies = (
				647BBDB51BFE5E650017A888 /* PBXTargetDependency */,
			);
			name = SwiftTraceWindowTests;
			productName = SwiftTraceWindowTests;
			productReference = 647BBDAF1BFE5E650017A888 /* SwiftTraceWindowTests.xctest */;
			productType = "com.apple.product-type.bundle.unit-test";
		};
/* End PBXNativeTarget section */

/* Begin PBXProject section */
		647648CE1BF9737A00C4EAC0 /* Project object */ = {
			isa = PBXProject;
			attributes = {
				LastSwiftUpdateCheck = 0710;
				LastUpgradeCheck = 0710;
				ORGANIZATIONNAME = "Manuel Broncano Rodriguez";
				TargetAttributes = {
					647648D51BF9737A00C4EAC0 = {
						CreatedOnToolsVersion = 7.1.1;
					};
					647BBDAE1BFE5E650017A888 = {
						CreatedOnToolsVersion = 7.1.1;
						TestTargetID = 647648D51BF9737A00C4EAC0;
					};
				};
			};
			buildConfigurationList = 647648D11BF9737A00C4EAC0 /* Build configuration list for PBXProject "SwiftTraceWindow" */;
			compatibilityVersion = "Xcode 3.2";
			developmentRegion = English;
			hasScannedForEncodings = 0;
			knownRegions = (
				en,
				Base,
			);
			mainGroup = 647648CD1BF9737A00C4EAC0;
			productRefGroup = 647648D71BF9737A00C4EAC0 /* Products */;
			projectDirPath = "";
			projectReferences = (
				{
					ProductGroup = 64E910FE1CF65B6B008D8BBC /* Products */;
					ProjectRef = 64E910FD1CF65B6B008D8BBC /* Decodable.xcodeproj */;
				},
			);
			projectRoot = "";
			targets = (
				647648D51BF9737A00C4EAC0 /* SwiftTraceWindow */,
				647BBDAE1BFE5E650017A888 /* SwiftTraceWindowTests */,
			);
		};
/* End PBXProject section */

/* Begin PBXReferenceProxy section */
		64E911071CF65B6B008D8BBC /* Decodable.framework */ = {
			isa = PBXReferenceProxy;
			fileType = wrapper.framework;
			path = Decodable.framework;
			remoteRef = 64E911061CF65B6B008D8BBC /* PBXContainerItemProxy */;
			sourceTree = BUILT_PRODUCTS_DIR;
		};
		64E911091CF65B6B008D8BBC /* DecodableTests-iOS.xctest */ = {
			isa = PBXReferenceProxy;
			fileType = wrapper.cfbundle;
			path = "DecodableTests-iOS.xctest";
			remoteRef = 64E911081CF65B6B008D8BBC /* PBXContainerItemProxy */;
			sourceTree = BUILT_PRODUCTS_DIR;
		};
		64E9110B1CF65B6B008D8BBC /* Decodable.framework */ = {
			isa = PBXReferenceProxy;
			fileType = wrapper.framework;
			path = Decodable.framework;
			remoteRef = 64E9110A1CF65B6B008D8BBC /* PBXContainerItemProxy */;
			sourceTree = BUILT_PRODUCTS_DIR;
		};
		64E9110D1CF65B6B008D8BBC /* DecodableTests-Mac.xctest */ = {
			isa = PBXReferenceProxy;
			fileType = wrapper.cfbundle;
			path = "DecodableTests-Mac.xctest";
			remoteRef = 64E9110C1CF65B6B008D8BBC /* PBXContainerItemProxy */;
			sourceTree = BUILT_PRODUCTS_DIR;
		};
		64E9110F1CF65B6B008D8BBC /* Decodable.framework */ = {
			isa = PBXReferenceProxy;
			fileType = wrapper.framework;
			path = Decodable.framework;
			remoteRef = 64E9110E1CF65B6B008D8BBC /* PBXContainerItemProxy */;
			sourceTree = BUILT_PRODUCTS_DIR;
		};
		64E911111CF65B6B008D8BBC /* Decodable.framework */ = {
			isa = PBXReferenceProxy;
			fileType = wrapper.framework;
			path = Decodable.framework;
			remoteRef = 64E911101CF65B6B008D8BBC /* PBXContainerItemProxy */;
			sourceTree = BUILT_PRODUCTS_DIR;
		};
/* End PBXReferenceProxy section */

/* Begin PBXResourcesBuildPhase section */
		647648D41BF9737A00C4EAC0 /* Resources */ = {
			isa = PBXResourcesBuildPhase;
			buildActionMask = 2147483647;
			files = (
				64E9111E1CF75F69008D8BBC /* cornell_box.obj in Resources */,
				64E9111A1CF75D42008D8BBC /* cornell_box_multimaterial.obj in Resources */,
				64BCBC091CFFBFE800D24401 /* mcdonalds_booth_89.pdf in Resources */,
				64E911141CF66517008D8BBC /* scene.json in Resources */,
				64292E061D04624E00AEB722 /* TotalCompendium.pdf in Resources */,
				64BCBC011CFB73BE00D24401 /* appel_68.pdf in Resources */,
				640777341CEF5E3D0022008A /* dragon.mtl in Resources */,
				64DBD3761CEC24CD00727B71 /* earth.jpg in Resources */,
				64E17F3E1D05C88700F46C7E /* CornellBox-Sphere.obj in Resources */,
				64E911161CF67464008D8BBC /* cornell.json in Resources */,
				6407772B1CEE4EEB0022008A /* cube.obj in Resources */,
				647648DE1BF9737A00C4EAC0 /* Assets.xcassets in Resources */,
				64E17F421D05C8C300F46C7E /* CornellBox-Sphere.mtl in Resources */,
				647648E11BF9737A00C4EAC0 /* Main.storyboard in Resources */,
				642247A61CF5769200A35907 /* bunny.obj in Resources */,
				64BCBC031CFB740200D24401 /* veach_98.pdf in Resources */,
				64E911281CF811FF008D8BBC /* teapot.obj in Resources */,
				640777351CEF5E3D0022008A /* dragon.obj in Resources */,
				64E9111C1CF75E39008D8BBC /* cornell_box.mtl in Resources */,
				64E9112A1CF8153F008D8BBC /* default.png in Resources */,
				64DBD3781CEC35DF00727B71 /* skydome.jpg in Resources */,
				64BCBC071CFFBE7200D24401 /* goldsmith_salmon_87.pdf in Resources */,
				6407772D1CEE4EF00022008A /* default.mtl in Resources */,
			);
			runOnlyForDeploymentPostprocessing = 0;
		};
		647BBDAD1BFE5E650017A888 /* Resources */ = {
			isa = PBXResourcesBuildPhase;
			buildActionMask = 2147483647;
			files = (
			);
			runOnlyForDeploymentPostprocessing = 0;
		};
/* End PBXResourcesBuildPhase section */

/* Begin PBXSourcesBuildPhase section */
		647648D21BF9737A00C4EAC0 /* Sources */ = {
			isa = PBXSourcesBuildPhase;
			buildActionMask = 2147483647;
			files = (
				64BCBC1B1D01E07200D24401 /* ObjectLoader.swift in Sources */,
				64292E031D034C6A00AEB722 /* Texture.swift in Sources */,
				647648DC1BF9737A00C4EAC0 /* ViewController.swift in Sources */,
				647BBDC01BFEDDB50017A888 /* Framebuffer.swift in Sources */,
				64BCBC0E1D009A8B00D24401 /* Core.swift in Sources */,
				647648DA1BF9737A00C4EAC0 /* AppDelegate.swift in Sources */,
				646752A71C2B76490084CBE3 /* Renderer.swift in Sources */,
				646B42EE1D026F4300BDC7F5 /* SceneLoader.swift in Sources */,
				646B42E71D026C8600BDC7F5 /* Transform.swift in Sources */,
				64C5FCB81BFBC60C004F783E /* PathTracer.swift in Sources */,
			);
			runOnlyForDeploymentPostprocessing = 0;
		};
		647BBDAB1BFE5E650017A888 /* Sources */ = {
			isa = PBXSourcesBuildPhase;
			buildActionMask = 2147483647;
			files = (
				647BBDB21BFE5E650017A888 /* SwiftTraceWindowTests.swift in Sources */,
			);
			runOnlyForDeploymentPostprocessing = 0;
		};
/* End PBXSourcesBuildPhase section */

/* Begin PBXTargetDependency section */
		647BBDB51BFE5E650017A888 /* PBXTargetDependency */ = {
			isa = PBXTargetDependency;
			target = 647648D51BF9737A00C4EAC0 /* SwiftTraceWindow */;
			targetProxy = 647BBDB41BFE5E650017A888 /* PBXContainerItemProxy */;
		};
		64E911131CF65B9B008D8BBC /* PBXTargetDependency */ = {
			isa = PBXTargetDependency;
			name = "Decodable-Mac";
			targetProxy = 64E911121CF65B9B008D8BBC /* PBXContainerItemProxy */;
		};
/* End PBXTargetDependency section */

/* Begin PBXVariantGroup section */
		647648DF1BF9737A00C4EAC0 /* Main.storyboard */ = {
			isa = PBXVariantGroup;
			children = (
				647648E01BF9737A00C4EAC0 /* Base */,
			);
			name = Main.storyboard;
			sourceTree = "<group>";
		};
/* End PBXVariantGroup section */

/* Begin XCBuildConfiguration section */
		647648E31BF9737A00C4EAC0 /* Debug */ = {
			isa = XCBuildConfiguration;
			buildSettings = {
				ALWAYS_SEARCH_USER_PATHS = NO;
				CLANG_CXX_LANGUAGE_STANDARD = "gnu++0x";
				CLANG_CXX_LIBRARY = "libc++";
				CLANG_ENABLE_MODULES = YES;
				CLANG_ENABLE_OBJC_ARC = YES;
				CLANG_WARN_BOOL_CONVERSION = YES;
				CLANG_WARN_CONSTANT_CONVERSION = YES;
				CLANG_WARN_DIRECT_OBJC_ISA_USAGE = YES_ERROR;
				CLANG_WARN_EMPTY_BODY = YES;
				CLANG_WARN_ENUM_CONVERSION = YES;
				CLANG_WARN_INT_CONVERSION = YES;
				CLANG_WARN_OBJC_ROOT_CLASS = YES_ERROR;
				CLANG_WARN_UNREACHABLE_CODE = YES;
				CLANG_WARN__DUPLICATE_METHOD_MATCH = YES;
				CODE_SIGN_IDENTITY = "-";
				COPY_PHASE_STRIP = NO;
				DEBUG_INFORMATION_FORMAT = dwarf;
				ENABLE_STRICT_OBJC_MSGSEND = YES;
				ENABLE_TESTABILITY = YES;
				GCC_C_LANGUAGE_STANDARD = gnu99;
				GCC_DYNAMIC_NO_PIC = NO;
				GCC_NO_COMMON_BLOCKS = YES;
				GCC_OPTIMIZATION_LEVEL = 0;
				GCC_PREPROCESSOR_DEFINITIONS = (
					"DEBUG=1",
					"$(inherited)",
				);
				GCC_WARN_64_TO_32_BIT_CONVERSION = YES;
				GCC_WARN_ABOUT_RETURN_TYPE = YES_ERROR;
				GCC_WARN_UNDECLARED_SELECTOR = YES;
				GCC_WARN_UNINITIALIZED_AUTOS = YES_AGGRESSIVE;
				GCC_WARN_UNUSED_FUNCTION = YES;
				GCC_WARN_UNUSED_VARIABLE = YES;
				MACOSX_DEPLOYMENT_TARGET = 10.11;
				MTL_ENABLE_DEBUG_INFO = YES;
				ONLY_ACTIVE_ARCH = YES;
				SDKROOT = macosx;
				SWIFT_OPTIMIZATION_LEVEL = "-Onone";
			};
			name = Debug;
		};
		647648E41BF9737A00C4EAC0 /* Release */ = {
			isa = XCBuildConfiguration;
			buildSettings = {
				ALWAYS_SEARCH_USER_PATHS = NO;
				CLANG_CXX_LANGUAGE_STANDARD = "gnu++0x";
				CLANG_CXX_LIBRARY = "libc++";
				CLANG_ENABLE_MODULES = YES;
				CLANG_ENABLE_OBJC_ARC = YES;
				CLANG_WARN_BOOL_CONVERSION = YES;
				CLANG_WARN_CONSTANT_CONVERSION = YES;
				CLANG_WARN_DIRECT_OBJC_ISA_USAGE = YES_ERROR;
				CLANG_WARN_EMPTY_BODY = YES;
				CLANG_WARN_ENUM_CONVERSION = YES;
				CLANG_WARN_INT_CONVERSION = YES;
				CLANG_WARN_OBJC_ROOT_CLASS = YES_ERROR;
				CLANG_WARN_UNREACHABLE_CODE = YES;
				CLANG_WARN__DUPLICATE_METHOD_MATCH = YES;
				CODE_SIGN_IDENTITY = "-";
				COPY_PHASE_STRIP = NO;
				DEBUG_INFORMATION_FORMAT = "dwarf-with-dsym";
				ENABLE_NS_ASSERTIONS = NO;
				ENABLE_STRICT_OBJC_MSGSEND = YES;
				GCC_C_LANGUAGE_STANDARD = gnu99;
				GCC_NO_COMMON_BLOCKS = YES;
				GCC_WARN_64_TO_32_BIT_CONVERSION = YES;
				GCC_WARN_ABOUT_RETURN_TYPE = YES_ERROR;
				GCC_WARN_UNDECLARED_SELECTOR = YES;
				GCC_WARN_UNINITIALIZED_AUTOS = YES_AGGRESSIVE;
				GCC_WARN_UNUSED_FUNCTION = YES;
				GCC_WARN_UNUSED_VARIABLE = YES;
				MACOSX_DEPLOYMENT_TARGET = 10.11;
				MTL_ENABLE_DEBUG_INFO = NO;
				SDKROOT = macosx;
			};
			name = Release;
		};
		647648E61BF9737A00C4EAC0 /* Debug */ = {
			isa = XCBuildConfiguration;
			buildSettings = {
				ASSETCATALOG_COMPILER_APPICON_NAME = AppIcon;
				COMBINE_HIDPI_IMAGES = YES;
				INFOPLIST_FILE = SwiftTraceWindow/Info.plist;
				LD_RUNPATH_SEARCH_PATHS = "$(inherited) @executable_path/../Frameworks";
				PRODUCT_BUNDLE_IDENTIFIER = MBR.SwiftTraceWindow;
				PRODUCT_NAME = "$(TARGET_NAME)";
				SWIFT_OPTIMIZATION_LEVEL = "-Onone";
			};
			name = Debug;
		};
		647648E71BF9737A00C4EAC0 /* Release */ = {
			isa = XCBuildConfiguration;
			buildSettings = {
				ASSETCATALOG_COMPILER_APPICON_NAME = AppIcon;
				COMBINE_HIDPI_IMAGES = YES;
				GCC_OPTIMIZATION_LEVEL = fast;
				INFOPLIST_FILE = SwiftTraceWindow/Info.plist;
				LD_RUNPATH_SEARCH_PATHS = "$(inherited) @executable_path/../Frameworks";
				PRODUCT_BUNDLE_IDENTIFIER = MBR.SwiftTraceWindow;
				PRODUCT_NAME = "$(TARGET_NAME)";
				SWIFT_DISABLE_SAFETY_CHECKS = NO;
				SWIFT_OPTIMIZATION_LEVEL = "-Owholemodule";
			};
			name = Release;
		};
		647BBDB71BFE5E650017A888 /* Debug */ = {
			isa = XCBuildConfiguration;
			buildSettings = {
				BUNDLE_LOADER = "$(TEST_HOST)";
				COMBINE_HIDPI_IMAGES = YES;
				INFOPLIST_FILE = SwiftTraceWindowTests/Info.plist;
				LD_RUNPATH_SEARCH_PATHS = "$(inherited) @executable_path/../Frameworks @loader_path/../Frameworks";
				PRODUCT_BUNDLE_IDENTIFIER = MBR.SwiftTraceWindowTests;
				PRODUCT_NAME = "$(TARGET_NAME)";
				TEST_HOST = "$(BUILT_PRODUCTS_DIR)/SwiftTraceWindow.app/Contents/MacOS/SwiftTraceWindow";
			};
			name = Debug;
		};
		647BBDB81BFE5E650017A888 /* Release */ = {
			isa = XCBuildConfiguration;
			buildSettings = {
				BUNDLE_LOADER = "$(TEST_HOST)";
				COMBINE_HIDPI_IMAGES = YES;
				INFOPLIST_FILE = SwiftTraceWindowTests/Info.plist;
				LD_RUNPATH_SEARCH_PATHS = "$(inherited) @executable_path/../Frameworks @loader_path/../Frameworks";
				PRODUCT_BUNDLE_IDENTIFIER = MBR.SwiftTraceWindowTests;
				PRODUCT_NAME = "$(TARGET_NAME)";
				TEST_HOST = "$(BUILT_PRODUCTS_DIR)/SwiftTraceWindow.app/Contents/MacOS/SwiftTraceWindow";
			};
			name = Release;
		};
/* End XCBuildConfiguration section */

/* Begin XCConfigurationList section */
		647648D11BF9737A00C4EAC0 /* Build configuration list for PBXProject "SwiftTraceWindow" */ = {
			isa = XCConfigurationList;
			buildConfigurations = (
				647648E31BF9737A00C4EAC0 /* Debug */,
				647648E41BF9737A00C4EAC0 /* Release */,
			);
			defaultConfigurationIsVisible = 0;
			defaultConfigurationName = Release;
		};
		647648E51BF9737A00C4EAC0 /* Build configuration list for PBXNativeTarget "SwiftTraceWindow" */ = {
			isa = XCConfigurationList;
			buildConfigurations = (
				647648E61BF9737A00C4EAC0 /* Debug */,
				647648E71BF9737A00C4EAC0 /* Release */,
			);
			defaultConfigurationIsVisible = 0;
			defaultConfigurationName = Release;
		};
		647BBDB61BFE5E650017A888 /* Build configuration list for PBXNativeTarget "SwiftTraceWindowTests" */ = {
			isa = XCConfigurationList;
			buildConfigurations = (
				647BBDB71BFE5E650017A888 /* Debug */,
				647BBDB81BFE5E650017A888 /* Release */,
			);
			defaultConfigurationIsVisible = 0;
			defaultConfigurationName = Release;
		};
/* End XCConfigurationList section */
	};
	rootObject = 647648CE1BF9737A00C4EAC0 /* Project object */;
}
